// !$*UTF8*$!
{
	archiveVersion = 1;
	classes = {
	};
	objectVersion = 56;
	objects = {

/* Begin PBXBuildFile section */
		B311676B2C191D5900250066 /* StateController.swift in Sources */ = {isa = PBXBuildFile; fileRef = B311676A2C191D5900250066 /* StateController.swift */; };
		B31FBF6A2B82FDBF00850E8A /* AllianceTileView.swift in Sources */ = {isa = PBXBuildFile; fileRef = B31FBF692B82FDBF00850E8A /* AllianceTileView.swift */; };
		B31FBF6C2B83047A00850E8A /* SmallMatchRow.swift in Sources */ = {isa = PBXBuildFile; fileRef = B31FBF6B2B83047A00850E8A /* SmallMatchRow.swift */; };
		B31FBF6E2B83054800850E8A /* UpcomingView.swift in Sources */ = {isa = PBXBuildFile; fileRef = B31FBF6D2B83054800850E8A /* UpcomingView.swift */; };
		B31FBF742B83077800850E8A /* EventView.swift in Sources */ = {isa = PBXBuildFile; fileRef = B31FBF732B83077800850E8A /* EventView.swift */; };
		B31FBF762B8308D600850E8A /* WatchlistView.swift in Sources */ = {isa = PBXBuildFile; fileRef = B31FBF752B8308D600850E8A /* WatchlistView.swift */; };
		B31FBF782B8308E100850E8A /* MyTeamView.swift in Sources */ = {isa = PBXBuildFile; fileRef = B31FBF772B8308E100850E8A /* MyTeamView.swift */; };
		B32554532C2927C6009EEA20 /* AtAGlanceNeutral.swift in Sources */ = {isa = PBXBuildFile; fileRef = B32554522C2927C6009EEA20 /* AtAGlanceNeutral.swift */; };
		B32554562C2930FC009EEA20 /* AtAGlanceQueue.swift in Sources */ = {isa = PBXBuildFile; fileRef = B32554552C2930FC009EEA20 /* AtAGlanceQueue.swift */; };
		B32554582C293111009EEA20 /* AtAGlanceWin.swift in Sources */ = {isa = PBXBuildFile; fileRef = B32554572C293111009EEA20 /* AtAGlanceWin.swift */; };
		B325545A2C29311D009EEA20 /* AtAGlanceLoss.swift in Sources */ = {isa = PBXBuildFile; fileRef = B32554592C29311D009EEA20 /* AtAGlanceLoss.swift */; };
		B341CA692B881DCD002E1856 /* MatchDetails.swift in Sources */ = {isa = PBXBuildFile; fileRef = B341CA682B881DCD002E1856 /* MatchDetails.swift */; };
		B34B835D2B82FA27008F83CD /* LargeMatchRow.swift in Sources */ = {isa = PBXBuildFile; fileRef = B34B835C2B82FA27008F83CD /* LargeMatchRow.swift */; };
		B3502EC02C279C5B00A65640 /* UpcomingPreview.swift in Sources */ = {isa = PBXBuildFile; fileRef = B3502EBF2C279C5B00A65640 /* UpcomingPreview.swift */; };
		B3502EC22C2807A300A65640 /* SiegeNationalsMatchlist.json in Resources */ = {isa = PBXBuildFile; fileRef = B3502EC12C2807A300A65640 /* SiegeNationalsMatchlist.json */; };
		B37F27BD2C2939530045DD27 /* AtAGlanceView.swift in Sources */ = {isa = PBXBuildFile; fileRef = B37F27BC2C2939530045DD27 /* AtAGlanceView.swift */; };
		B38EB64D2C2105BF00D14B6C /* SiegeWorldsMatchlist.json in Resources */ = {isa = PBXBuildFile; fileRef = B38EB64C2C2105BF00D14B6C /* SiegeWorldsMatchlist.json */; };
		B39B3F822C26B3BF00249F7D /* MatchModels.swift in Sources */ = {isa = PBXBuildFile; fileRef = B39B3F812C26B3BF00249F7D /* MatchModels.swift */; };
		B39B3F842C26B46800249F7D /* RobotEventsMeta.swift in Sources */ = {isa = PBXBuildFile; fileRef = B39B3F832C26B46800249F7D /* RobotEventsMeta.swift */; };
		B39B3F862C26BA3B00249F7D /* TeamModels.swift in Sources */ = {isa = PBXBuildFile; fileRef = B39B3F852C26BA3B00249F7D /* TeamModels.swift */; };
		B39DEB0B2C298E3200A3312A /* AllianceTileFull.swift in Sources */ = {isa = PBXBuildFile; fileRef = B39DEB0A2C298E3200A3312A /* AllianceTileFull.swift */; };
		B39DEB0D2C298E9000A3312A /* AllianceTileBorder.swift in Sources */ = {isa = PBXBuildFile; fileRef = B39DEB0C2C298E9000A3312A /* AllianceTileBorder.swift */; };
		B3AEE7CC2C2A714700788A53 /* BannerView.swift in Sources */ = {isa = PBXBuildFile; fileRef = B3AEE7CB2C2A714700788A53 /* BannerView.swift */; };
		B3B7F73B2B8967D600AA9BDF /* LargeTeamRow.swift in Sources */ = {isa = PBXBuildFile; fileRef = B3B7F73A2B8967D600AA9BDF /* LargeTeamRow.swift */; };
		B3C185FC2C095E68001D6F17 /* LookupView.swift in Sources */ = {isa = PBXBuildFile; fileRef = B3C185FB2C095E68001D6F17 /* LookupView.swift */; };
		B3C72D092B82F71600AAE764 /* VRC_CompanionApp.swift in Sources */ = {isa = PBXBuildFile; fileRef = B3C72D082B82F71600AAE764 /* VRC_CompanionApp.swift */; };
		B3C72D0B2B82F71600AAE764 /* ContentView.swift in Sources */ = {isa = PBXBuildFile; fileRef = B3C72D0A2B82F71600AAE764 /* ContentView.swift */; };
		B3C72D0F2B82F71800AAE764 /* Assets.xcassets in Resources */ = {isa = PBXBuildFile; fileRef = B3C72D0E2B82F71800AAE764 /* Assets.xcassets */; };
		B3C72D122B82F71800AAE764 /* Preview Assets.xcassets in Resources */ = {isa = PBXBuildFile; fileRef = B3C72D112B82F71800AAE764 /* Preview Assets.xcassets */; };
		B3C72D1C2B82F71900AAE764 /* VRC_CompanionTests.swift in Sources */ = {isa = PBXBuildFile; fileRef = B3C72D1B2B82F71900AAE764 /* VRC_CompanionTests.swift */; };
		B3C72D262B82F71900AAE764 /* VRC_CompanionUITests.swift in Sources */ = {isa = PBXBuildFile; fileRef = B3C72D252B82F71900AAE764 /* VRC_CompanionUITests.swift */; };
		B3C72D282B82F71900AAE764 /* VRC_CompanionUITestsLaunchTests.swift in Sources */ = {isa = PBXBuildFile; fileRef = B3C72D272B82F71900AAE764 /* VRC_CompanionUITestsLaunchTests.swift */; };
/* End PBXBuildFile section */

/* Begin PBXContainerItemProxy section */
		B3C72D182B82F71900AAE764 /* PBXContainerItemProxy */ = {
			isa = PBXContainerItemProxy;
			containerPortal = B3C72CFD2B82F71600AAE764 /* Project object */;
			proxyType = 1;
			remoteGlobalIDString = B3C72D042B82F71600AAE764;
			remoteInfo = "VRC Companion";
		};
		B3C72D222B82F71900AAE764 /* PBXContainerItemProxy */ = {
			isa = PBXContainerItemProxy;
			containerPortal = B3C72CFD2B82F71600AAE764 /* Project object */;
			proxyType = 1;
			remoteGlobalIDString = B3C72D042B82F71600AAE764;
			remoteInfo = "VRC Companion";
		};
/* End PBXContainerItemProxy section */

/* Begin PBXFileReference section */
		B311676A2C191D5900250066 /* StateController.swift */ = {isa = PBXFileReference; lastKnownFileType = sourcecode.swift; path = StateController.swift; sourceTree = "<group>"; };
		B31FBF692B82FDBF00850E8A /* AllianceTileView.swift */ = {isa = PBXFileReference; lastKnownFileType = sourcecode.swift; path = AllianceTileView.swift; sourceTree = "<group>"; };
		B31FBF6B2B83047A00850E8A /* SmallMatchRow.swift */ = {isa = PBXFileReference; lastKnownFileType = sourcecode.swift; path = SmallMatchRow.swift; sourceTree = "<group>"; };
		B31FBF6D2B83054800850E8A /* UpcomingView.swift */ = {isa = PBXFileReference; lastKnownFileType = sourcecode.swift; path = UpcomingView.swift; sourceTree = "<group>"; };
		B31FBF732B83077800850E8A /* EventView.swift */ = {isa = PBXFileReference; lastKnownFileType = sourcecode.swift; path = EventView.swift; sourceTree = "<group>"; };
		B31FBF752B8308D600850E8A /* WatchlistView.swift */ = {isa = PBXFileReference; lastKnownFileType = sourcecode.swift; path = WatchlistView.swift; sourceTree = "<group>"; };
		B31FBF772B8308E100850E8A /* MyTeamView.swift */ = {isa = PBXFileReference; lastKnownFileType = sourcecode.swift; path = MyTeamView.swift; sourceTree = "<group>"; };
		B32554522C2927C6009EEA20 /* AtAGlanceNeutral.swift */ = {isa = PBXFileReference; lastKnownFileType = sourcecode.swift; path = AtAGlanceNeutral.swift; sourceTree = "<group>"; };
		B32554552C2930FC009EEA20 /* AtAGlanceQueue.swift */ = {isa = PBXFileReference; lastKnownFileType = sourcecode.swift; path = AtAGlanceQueue.swift; sourceTree = "<group>"; };
		B32554572C293111009EEA20 /* AtAGlanceWin.swift */ = {isa = PBXFileReference; lastKnownFileType = sourcecode.swift; path = AtAGlanceWin.swift; sourceTree = "<group>"; };
		B32554592C29311D009EEA20 /* AtAGlanceLoss.swift */ = {isa = PBXFileReference; lastKnownFileType = sourcecode.swift; path = AtAGlanceLoss.swift; sourceTree = "<group>"; };
		B341CA682B881DCD002E1856 /* MatchDetails.swift */ = {isa = PBXFileReference; lastKnownFileType = sourcecode.swift; path = MatchDetails.swift; sourceTree = "<group>"; };
		B34B835C2B82FA27008F83CD /* LargeMatchRow.swift */ = {isa = PBXFileReference; lastKnownFileType = sourcecode.swift; path = LargeMatchRow.swift; sourceTree = "<group>"; };
		B3502EBF2C279C5B00A65640 /* UpcomingPreview.swift */ = {isa = PBXFileReference; lastKnownFileType = sourcecode.swift; path = UpcomingPreview.swift; sourceTree = "<group>"; };
		B3502EC12C2807A300A65640 /* SiegeNationalsMatchlist.json */ = {isa = PBXFileReference; lastKnownFileType = text.json; path = SiegeNationalsMatchlist.json; sourceTree = "<group>"; };
		B37F27BC2C2939530045DD27 /* AtAGlanceView.swift */ = {isa = PBXFileReference; lastKnownFileType = sourcecode.swift; path = AtAGlanceView.swift; sourceTree = "<group>"; };
		B38EB64C2C2105BF00D14B6C /* SiegeWorldsMatchlist.json */ = {isa = PBXFileReference; lastKnownFileType = text.json; path = SiegeWorldsMatchlist.json; sourceTree = "<group>"; };
		B39B3F812C26B3BF00249F7D /* MatchModels.swift */ = {isa = PBXFileReference; lastKnownFileType = sourcecode.swift; path = MatchModels.swift; sourceTree = "<group>"; };
		B39B3F832C26B46800249F7D /* RobotEventsMeta.swift */ = {isa = PBXFileReference; lastKnownFileType = sourcecode.swift; path = RobotEventsMeta.swift; sourceTree = "<group>"; };
		B39B3F852C26BA3B00249F7D /* TeamModels.swift */ = {isa = PBXFileReference; lastKnownFileType = sourcecode.swift; path = TeamModels.swift; sourceTree = "<group>"; };
		B39DEB0A2C298E3200A3312A /* AllianceTileFull.swift */ = {isa = PBXFileReference; lastKnownFileType = sourcecode.swift; path = AllianceTileFull.swift; sourceTree = "<group>"; };
		B39DEB0C2C298E9000A3312A /* AllianceTileBorder.swift */ = {isa = PBXFileReference; lastKnownFileType = sourcecode.swift; path = AllianceTileBorder.swift; sourceTree = "<group>"; };
		B3AEE7CB2C2A714700788A53 /* BannerView.swift */ = {isa = PBXFileReference; lastKnownFileType = sourcecode.swift; path = BannerView.swift; sourceTree = "<group>"; };
		B3B7F73A2B8967D600AA9BDF /* LargeTeamRow.swift */ = {isa = PBXFileReference; lastKnownFileType = sourcecode.swift; path = LargeTeamRow.swift; sourceTree = "<group>"; };
		B3C185FB2C095E68001D6F17 /* LookupView.swift */ = {isa = PBXFileReference; lastKnownFileType = sourcecode.swift; path = LookupView.swift; sourceTree = "<group>"; };
		B3C72D052B82F71600AAE764 /* VRC Companion.app */ = {isa = PBXFileReference; explicitFileType = wrapper.application; includeInIndex = 0; path = "VRC Companion.app"; sourceTree = BUILT_PRODUCTS_DIR; };
		B3C72D082B82F71600AAE764 /* VRC_CompanionApp.swift */ = {isa = PBXFileReference; lastKnownFileType = sourcecode.swift; path = VRC_CompanionApp.swift; sourceTree = "<group>"; };
		B3C72D0A2B82F71600AAE764 /* ContentView.swift */ = {isa = PBXFileReference; lastKnownFileType = sourcecode.swift; path = ContentView.swift; sourceTree = "<group>"; };
		B3C72D0E2B82F71800AAE764 /* Assets.xcassets */ = {isa = PBXFileReference; lastKnownFileType = folder.assetcatalog; path = Assets.xcassets; sourceTree = "<group>"; };
		B3C72D112B82F71800AAE764 /* Preview Assets.xcassets */ = {isa = PBXFileReference; lastKnownFileType = folder.assetcatalog; path = "Preview Assets.xcassets"; sourceTree = "<group>"; };
		B3C72D172B82F71900AAE764 /* VRC CompanionTests.xctest */ = {isa = PBXFileReference; explicitFileType = wrapper.cfbundle; includeInIndex = 0; path = "VRC CompanionTests.xctest"; sourceTree = BUILT_PRODUCTS_DIR; };
		B3C72D1B2B82F71900AAE764 /* VRC_CompanionTests.swift */ = {isa = PBXFileReference; lastKnownFileType = sourcecode.swift; path = VRC_CompanionTests.swift; sourceTree = "<group>"; };
		B3C72D212B82F71900AAE764 /* VRC CompanionUITests.xctest */ = {isa = PBXFileReference; explicitFileType = wrapper.cfbundle; includeInIndex = 0; path = "VRC CompanionUITests.xctest"; sourceTree = BUILT_PRODUCTS_DIR; };
		B3C72D252B82F71900AAE764 /* VRC_CompanionUITests.swift */ = {isa = PBXFileReference; lastKnownFileType = sourcecode.swift; path = VRC_CompanionUITests.swift; sourceTree = "<group>"; };
		B3C72D272B82F71900AAE764 /* VRC_CompanionUITestsLaunchTests.swift */ = {isa = PBXFileReference; lastKnownFileType = sourcecode.swift; path = VRC_CompanionUITestsLaunchTests.swift; sourceTree = "<group>"; };
/* End PBXFileReference section */

/* Begin PBXFrameworksBuildPhase section */
		B3C72D022B82F71600AAE764 /* Frameworks */ = {
			isa = PBXFrameworksBuildPhase;
			buildActionMask = 2147483647;
			files = (
			);
			runOnlyForDeploymentPostprocessing = 0;
		};
		B3C72D142B82F71900AAE764 /* Frameworks */ = {
			isa = PBXFrameworksBuildPhase;
			buildActionMask = 2147483647;
			files = (
			);
			runOnlyForDeploymentPostprocessing = 0;
		};
		B3C72D1E2B82F71900AAE764 /* Frameworks */ = {
			isa = PBXFrameworksBuildPhase;
			buildActionMask = 2147483647;
			files = (
			);
			runOnlyForDeploymentPostprocessing = 0;
		};
/* End PBXFrameworksBuildPhase section */

/* Begin PBXGroup section */
		B31FBF6F2B83073D00850E8A /* Upcoming */ = {
			isa = PBXGroup;
			children = (
				B32554512C2926FF009EEA20 /* Main Screen */,
				B341CA672B881DA3002E1856 /* Match Details */,
				B32554542C293073009EEA20 /* At a Glance */,
			);
			path = Upcoming;
			sourceTree = "<group>";
		};
		B31FBF702B83075100850E8A /* Event */ = {
			isa = PBXGroup;
			children = (
				B31FBF732B83077800850E8A /* EventView.swift */,
			);
			path = Event;
			sourceTree = "<group>";
		};
		B31FBF712B83075900850E8A /* Watchlist */ = {
			isa = PBXGroup;
			children = (
				B31FBF752B8308D600850E8A /* WatchlistView.swift */,
			);
			path = Watchlist;
			sourceTree = "<group>";
		};
		B31FBF722B83076000850E8A /* My team */ = {
			isa = PBXGroup;
			children = (
				B31FBF772B8308E100850E8A /* MyTeamView.swift */,
			);
			path = "My team";
			sourceTree = "<group>";
		};
		B32554512C2926FF009EEA20 /* Main Screen */ = {
			isa = PBXGroup;
			children = (
				B31FBF6D2B83054800850E8A /* UpcomingView.swift */,
				B34B835C2B82FA27008F83CD /* LargeMatchRow.swift */,
				B31FBF6B2B83047A00850E8A /* SmallMatchRow.swift */,
				B39DEB092C298E1400A3312A /* Alliance Tile */,
			);
			path = "Main Screen";
			sourceTree = "<group>";
		};
		B32554542C293073009EEA20 /* At a Glance */ = {
			isa = PBXGroup;
			children = (
				B37F27BC2C2939530045DD27 /* AtAGlanceView.swift */,
				B32554522C2927C6009EEA20 /* AtAGlanceNeutral.swift */,
				B32554552C2930FC009EEA20 /* AtAGlanceQueue.swift */,
				B32554572C293111009EEA20 /* AtAGlanceWin.swift */,
				B32554592C29311D009EEA20 /* AtAGlanceLoss.swift */,
			);
			path = "At a Glance";
			sourceTree = "<group>";
		};
		B341CA672B881DA3002E1856 /* Match Details */ = {
			isa = PBXGroup;
			children = (
				B341CA682B881DCD002E1856 /* MatchDetails.swift */,
				B3AEE7CB2C2A714700788A53 /* BannerView.swift */,
				B3B7F73A2B8967D600AA9BDF /* LargeTeamRow.swift */,
			);
			path = "Match Details";
			sourceTree = "<group>";
		};
		B34B835A2B82F88A008F83CD /* Views */ = {
			isa = PBXGroup;
			children = (
				B3C72D0A2B82F71600AAE764 /* ContentView.swift */,
				B31FBF6F2B83073D00850E8A /* Upcoming */,
				B31FBF702B83075100850E8A /* Event */,
				B31FBF712B83075900850E8A /* Watchlist */,
				B31FBF722B83076000850E8A /* My team */,
				B3C185FA2C095E43001D6F17 /* Lookup */,
			);
			path = Views;
			sourceTree = "<group>";
		};
		B34B835B2B82F8A5008F83CD /* Models */ = {
			isa = PBXGroup;
			children = (
				B39B3F812C26B3BF00249F7D /* MatchModels.swift */,
				B39B3F852C26BA3B00249F7D /* TeamModels.swift */,
				B39B3F832C26B46800249F7D /* RobotEventsMeta.swift */,
			);
			path = Models;
			sourceTree = "<group>";
		};
		B39B3F802C26B36500249F7D /* Controllers */ = {
			isa = PBXGroup;
			children = (
				B311676A2C191D5900250066 /* StateController.swift */,
			);
			path = Controllers;
			sourceTree = "<group>";
		};
		B39DEB092C298E1400A3312A /* Alliance Tile */ = {
			isa = PBXGroup;
			children = (
				B31FBF692B82FDBF00850E8A /* AllianceTileView.swift */,
				B39DEB0A2C298E3200A3312A /* AllianceTileFull.swift */,
				B39DEB0C2C298E9000A3312A /* AllianceTileBorder.swift */,
			);
			path = "Alliance Tile";
			sourceTree = "<group>";
		};
		B3C185FA2C095E43001D6F17 /* Lookup */ = {
			isa = PBXGroup;
			children = (
				B3C185FB2C095E68001D6F17 /* LookupView.swift */,
			);
			path = Lookup;
			sourceTree = "<group>";
		};
		B3C72CFC2B82F71600AAE764 = {
			isa = PBXGroup;
			children = (
				B3C72D072B82F71600AAE764 /* VRC Companion */,
				B3C72D1A2B82F71900AAE764 /* VRC CompanionTests */,
				B3C72D242B82F71900AAE764 /* VRC CompanionUITests */,
				B3C72D062B82F71600AAE764 /* Products */,
			);
			sourceTree = "<group>";
		};
		B3C72D062B82F71600AAE764 /* Products */ = {
			isa = PBXGroup;
			children = (
				B3C72D052B82F71600AAE764 /* VRC Companion.app */,
				B3C72D172B82F71900AAE764 /* VRC CompanionTests.xctest */,
				B3C72D212B82F71900AAE764 /* VRC CompanionUITests.xctest */,
			);
			name = Products;
			sourceTree = "<group>";
		};
		B3C72D072B82F71600AAE764 /* VRC Companion */ = {
			isa = PBXGroup;
			children = (
				B3C72D0E2B82F71800AAE764 /* Assets.xcassets */,
				B3C72D082B82F71600AAE764 /* VRC_CompanionApp.swift */,
				B34B835A2B82F88A008F83CD /* Views */,
				B39B3F802C26B36500249F7D /* Controllers */,
				B34B835B2B82F8A5008F83CD /* Models */,
				B3C72D102B82F71800AAE764 /* Preview Content */,
			);
			path = "VRC Companion";
			sourceTree = "<group>";
		};
		B3C72D102B82F71800AAE764 /* Preview Content */ = {
			isa = PBXGroup;
			children = (
				B3C72D112B82F71800AAE764 /* Preview Assets.xcassets */,
				B3502EBF2C279C5B00A65640 /* UpcomingPreview.swift */,
				B38EB64C2C2105BF00D14B6C /* SiegeWorldsMatchlist.json */,
				B3502EC12C2807A300A65640 /* SiegeNationalsMatchlist.json */,
			);
			path = "Preview Content";
			sourceTree = "<group>";
		};
		B3C72D1A2B82F71900AAE764 /* VRC CompanionTests */ = {
			isa = PBXGroup;
			children = (
				B3C72D1B2B82F71900AAE764 /* VRC_CompanionTests.swift */,
			);
			path = "VRC CompanionTests";
			sourceTree = "<group>";
		};
		B3C72D242B82F71900AAE764 /* VRC CompanionUITests */ = {
			isa = PBXGroup;
			children = (
				B3C72D252B82F71900AAE764 /* VRC_CompanionUITests.swift */,
				B3C72D272B82F71900AAE764 /* VRC_CompanionUITestsLaunchTests.swift */,
			);
			path = "VRC CompanionUITests";
			sourceTree = "<group>";
		};
/* End PBXGroup section */

/* Begin PBXNativeTarget section */
		B3C72D042B82F71600AAE764 /* VRC Companion */ = {
			isa = PBXNativeTarget;
			buildConfigurationList = B3C72D2B2B82F71900AAE764 /* Build configuration list for PBXNativeTarget "VRC Companion" */;
			buildPhases = (
				B3C72D012B82F71600AAE764 /* Sources */,
				B3C72D022B82F71600AAE764 /* Frameworks */,
				B3C72D032B82F71600AAE764 /* Resources */,
			);
			buildRules = (
			);
			dependencies = (
			);
			name = "VRC Companion";
			productName = "VRC Companion";
			productReference = B3C72D052B82F71600AAE764 /* VRC Companion.app */;
			productType = "com.apple.product-type.application";
		};
		B3C72D162B82F71900AAE764 /* VRC CompanionTests */ = {
			isa = PBXNativeTarget;
			buildConfigurationList = B3C72D2E2B82F71900AAE764 /* Build configuration list for PBXNativeTarget "VRC CompanionTests" */;
			buildPhases = (
				B3C72D132B82F71900AAE764 /* Sources */,
				B3C72D142B82F71900AAE764 /* Frameworks */,
				B3C72D152B82F71900AAE764 /* Resources */,
			);
			buildRules = (
			);
			dependencies = (
				B3C72D192B82F71900AAE764 /* PBXTargetDependency */,
			);
			name = "VRC CompanionTests";
			productName = "VRC CompanionTests";
			productReference = B3C72D172B82F71900AAE764 /* VRC CompanionTests.xctest */;
			productType = "com.apple.product-type.bundle.unit-test";
		};
		B3C72D202B82F71900AAE764 /* VRC CompanionUITests */ = {
			isa = PBXNativeTarget;
			buildConfigurationList = B3C72D312B82F71900AAE764 /* Build configuration list for PBXNativeTarget "VRC CompanionUITests" */;
			buildPhases = (
				B3C72D1D2B82F71900AAE764 /* Sources */,
				B3C72D1E2B82F71900AAE764 /* Frameworks */,
				B3C72D1F2B82F71900AAE764 /* Resources */,
			);
			buildRules = (
			);
			dependencies = (
				B3C72D232B82F71900AAE764 /* PBXTargetDependency */,
			);
			name = "VRC CompanionUITests";
			productName = "VRC CompanionUITests";
			productReference = B3C72D212B82F71900AAE764 /* VRC CompanionUITests.xctest */;
			productType = "com.apple.product-type.bundle.ui-testing";
		};
/* End PBXNativeTarget section */

/* Begin PBXProject section */
		B3C72CFD2B82F71600AAE764 /* Project object */ = {
			isa = PBXProject;
			attributes = {
				BuildIndependentTargetsInParallel = 1;
				LastSwiftUpdateCheck = 1520;
				LastUpgradeCheck = 1520;
				TargetAttributes = {
					B3C72D042B82F71600AAE764 = {
						CreatedOnToolsVersion = 15.2;
					};
					B3C72D162B82F71900AAE764 = {
						CreatedOnToolsVersion = 15.2;
						TestTargetID = B3C72D042B82F71600AAE764;
					};
					B3C72D202B82F71900AAE764 = {
						CreatedOnToolsVersion = 15.2;
						TestTargetID = B3C72D042B82F71600AAE764;
					};
				};
			};
			buildConfigurationList = B3C72D002B82F71600AAE764 /* Build configuration list for PBXProject "VRC Companion" */;
			compatibilityVersion = "Xcode 14.0";
			developmentRegion = en;
			hasScannedForEncodings = 0;
			knownRegions = (
				en,
				Base,
			);
			mainGroup = B3C72CFC2B82F71600AAE764;
			productRefGroup = B3C72D062B82F71600AAE764 /* Products */;
			projectDirPath = "";
			projectRoot = "";
			targets = (
				B3C72D042B82F71600AAE764 /* VRC Companion */,
				B3C72D162B82F71900AAE764 /* VRC CompanionTests */,
				B3C72D202B82F71900AAE764 /* VRC CompanionUITests */,
			);
		};
/* End PBXProject section */

/* Begin PBXResourcesBuildPhase section */
		B3C72D032B82F71600AAE764 /* Resources */ = {
			isa = PBXResourcesBuildPhase;
			buildActionMask = 2147483647;
			files = (
				B38EB64D2C2105BF00D14B6C /* SiegeWorldsMatchlist.json in Resources */,
				B3C72D122B82F71800AAE764 /* Preview Assets.xcassets in Resources */,
				B3C72D0F2B82F71800AAE764 /* Assets.xcassets in Resources */,
				B3502EC22C2807A300A65640 /* SiegeNationalsMatchlist.json in Resources */,
			);
			runOnlyForDeploymentPostprocessing = 0;
		};
		B3C72D152B82F71900AAE764 /* Resources */ = {
			isa = PBXResourcesBuildPhase;
			buildActionMask = 2147483647;
			files = (
			);
			runOnlyForDeploymentPostprocessing = 0;
		};
		B3C72D1F2B82F71900AAE764 /* Resources */ = {
			isa = PBXResourcesBuildPhase;
			buildActionMask = 2147483647;
			files = (
			);
			runOnlyForDeploymentPostprocessing = 0;
		};
/* End PBXResourcesBuildPhase section */

/* Begin PBXSourcesBuildPhase section */
		B3C72D012B82F71600AAE764 /* Sources */ = {
			isa = PBXSourcesBuildPhase;
			buildActionMask = 2147483647;
			files = (
				B3AEE7CC2C2A714700788A53 /* BannerView.swift in Sources */,
				B3B7F73B2B8967D600AA9BDF /* LargeTeamRow.swift in Sources */,
				B311676B2C191D5900250066 /* StateController.swift in Sources */,
				B3C72D0B2B82F71600AAE764 /* ContentView.swift in Sources */,
				B37F27BD2C2939530045DD27 /* AtAGlanceView.swift in Sources */,
				B34B835D2B82FA27008F83CD /* LargeMatchRow.swift in Sources */,
				B3C185FC2C095E68001D6F17 /* LookupView.swift in Sources */,
				B3C72D092B82F71600AAE764 /* VRC_CompanionApp.swift in Sources */,
				B39B3F862C26BA3B00249F7D /* TeamModels.swift in Sources */,
				B39B3F842C26B46800249F7D /* RobotEventsMeta.swift in Sources */,
				B31FBF6C2B83047A00850E8A /* SmallMatchRow.swift in Sources */,
				B3502EC02C279C5B00A65640 /* UpcomingPreview.swift in Sources */,
				B39B3F822C26B3BF00249F7D /* MatchModels.swift in Sources */,
				B341CA692B881DCD002E1856 /* MatchDetails.swift in Sources */,
				B32554562C2930FC009EEA20 /* AtAGlanceQueue.swift in Sources */,
				B325545A2C29311D009EEA20 /* AtAGlanceLoss.swift in Sources */,
				B39DEB0B2C298E3200A3312A /* AllianceTileFull.swift in Sources */,
				B39DEB0D2C298E9000A3312A /* AllianceTileBorder.swift in Sources */,
				B31FBF6A2B82FDBF00850E8A /* AllianceTileView.swift in Sources */,
				B31FBF762B8308D600850E8A /* WatchlistView.swift in Sources */,
				B31FBF782B8308E100850E8A /* MyTeamView.swift in Sources */,
				B31FBF742B83077800850E8A /* EventView.swift in Sources */,
				B32554532C2927C6009EEA20 /* AtAGlanceNeutral.swift in Sources */,
				B31FBF6E2B83054800850E8A /* UpcomingView.swift in Sources */,
				B32554582C293111009EEA20 /* AtAGlanceWin.swift in Sources */,
			);
			runOnlyForDeploymentPostprocessing = 0;
		};
		B3C72D132B82F71900AAE764 /* Sources */ = {
			isa = PBXSourcesBuildPhase;
			buildActionMask = 2147483647;
			files = (
				B3C72D1C2B82F71900AAE764 /* VRC_CompanionTests.swift in Sources */,
			);
			runOnlyForDeploymentPostprocessing = 0;
		};
		B3C72D1D2B82F71900AAE764 /* Sources */ = {
			isa = PBXSourcesBuildPhase;
			buildActionMask = 2147483647;
			files = (
				B3C72D262B82F71900AAE764 /* VRC_CompanionUITests.swift in Sources */,
				B3C72D282B82F71900AAE764 /* VRC_CompanionUITestsLaunchTests.swift in Sources */,
			);
			runOnlyForDeploymentPostprocessing = 0;
		};
/* End PBXSourcesBuildPhase section */

/* Begin PBXTargetDependency section */
		B3C72D192B82F71900AAE764 /* PBXTargetDependency */ = {
			isa = PBXTargetDependency;
			target = B3C72D042B82F71600AAE764 /* VRC Companion */;
			targetProxy = B3C72D182B82F71900AAE764 /* PBXContainerItemProxy */;
		};
		B3C72D232B82F71900AAE764 /* PBXTargetDependency */ = {
			isa = PBXTargetDependency;
			target = B3C72D042B82F71600AAE764 /* VRC Companion */;
			targetProxy = B3C72D222B82F71900AAE764 /* PBXContainerItemProxy */;
		};
/* End PBXTargetDependency section */

/* Begin XCBuildConfiguration section */
		B3C72D292B82F71900AAE764 /* Debug */ = {
			isa = XCBuildConfiguration;
			buildSettings = {
				ALWAYS_SEARCH_USER_PATHS = NO;
				ASSETCATALOG_COMPILER_GENERATE_SWIFT_ASSET_SYMBOL_EXTENSIONS = YES;
				CLANG_ANALYZER_NONNULL = YES;
				CLANG_ANALYZER_NUMBER_OBJECT_CONVERSION = YES_AGGRESSIVE;
				CLANG_CXX_LANGUAGE_STANDARD = "gnu++20";
				CLANG_ENABLE_MODULES = YES;
				CLANG_ENABLE_OBJC_ARC = YES;
				CLANG_ENABLE_OBJC_WEAK = YES;
				CLANG_WARN_BLOCK_CAPTURE_AUTORELEASING = YES;
				CLANG_WARN_BOOL_CONVERSION = YES;
				CLANG_WARN_COMMA = YES;
				CLANG_WARN_CONSTANT_CONVERSION = YES;
				CLANG_WARN_DEPRECATED_OBJC_IMPLEMENTATIONS = YES;
				CLANG_WARN_DIRECT_OBJC_ISA_USAGE = YES_ERROR;
				CLANG_WARN_DOCUMENTATION_COMMENTS = YES;
				CLANG_WARN_EMPTY_BODY = YES;
				CLANG_WARN_ENUM_CONVERSION = YES;
				CLANG_WARN_INFINITE_RECURSION = YES;
				CLANG_WARN_INT_CONVERSION = YES;
				CLANG_WARN_NON_LITERAL_NULL_CONVERSION = YES;
				CLANG_WARN_OBJC_IMPLICIT_RETAIN_SELF = YES;
				CLANG_WARN_OBJC_LITERAL_CONVERSION = YES;
				CLANG_WARN_OBJC_ROOT_CLASS = YES_ERROR;
				CLANG_WARN_QUOTED_INCLUDE_IN_FRAMEWORK_HEADER = YES;
				CLANG_WARN_RANGE_LOOP_ANALYSIS = YES;
				CLANG_WARN_STRICT_PROTOTYPES = YES;
				CLANG_WARN_SUSPICIOUS_MOVE = YES;
				CLANG_WARN_UNGUARDED_AVAILABILITY = YES_AGGRESSIVE;
				CLANG_WARN_UNREACHABLE_CODE = YES;
				CLANG_WARN__DUPLICATE_METHOD_MATCH = YES;
				COPY_PHASE_STRIP = NO;
				DEBUG_INFORMATION_FORMAT = dwarf;
				ENABLE_STRICT_OBJC_MSGSEND = YES;
				ENABLE_TESTABILITY = YES;
				ENABLE_USER_SCRIPT_SANDBOXING = YES;
				GCC_C_LANGUAGE_STANDARD = gnu17;
				GCC_DYNAMIC_NO_PIC = NO;
				GCC_NO_COMMON_BLOCKS = YES;
				GCC_OPTIMIZATION_LEVEL = 0;
				GCC_PREPROCESSOR_DEFINITIONS = (
					"DEBUG=1",
					"$(inherited)",
				);
				GCC_WARN_64_TO_32_BIT_CONVERSION = YES;
				GCC_WARN_ABOUT_RETURN_TYPE = YES_ERROR;
				GCC_WARN_UNDECLARED_SELECTOR = YES;
				GCC_WARN_UNINITIALIZED_AUTOS = YES_AGGRESSIVE;
				GCC_WARN_UNUSED_FUNCTION = YES;
				GCC_WARN_UNUSED_VARIABLE = YES;
				IPHONEOS_DEPLOYMENT_TARGET = 17.2;
				LOCALIZATION_PREFERS_STRING_CATALOGS = YES;
				MTL_ENABLE_DEBUG_INFO = INCLUDE_SOURCE;
				MTL_FAST_MATH = YES;
				ONLY_ACTIVE_ARCH = YES;
				SDKROOT = iphoneos;
				SWIFT_ACTIVE_COMPILATION_CONDITIONS = "DEBUG $(inherited)";
				SWIFT_OPTIMIZATION_LEVEL = "-Onone";
			};
			name = Debug;
		};
		B3C72D2A2B82F71900AAE764 /* Release */ = {
			isa = XCBuildConfiguration;
			buildSettings = {
				ALWAYS_SEARCH_USER_PATHS = NO;
				ASSETCATALOG_COMPILER_GENERATE_SWIFT_ASSET_SYMBOL_EXTENSIONS = YES;
				CLANG_ANALYZER_NONNULL = YES;
				CLANG_ANALYZER_NUMBER_OBJECT_CONVERSION = YES_AGGRESSIVE;
				CLANG_CXX_LANGUAGE_STANDARD = "gnu++20";
				CLANG_ENABLE_MODULES = YES;
				CLANG_ENABLE_OBJC_ARC = YES;
				CLANG_ENABLE_OBJC_WEAK = YES;
				CLANG_WARN_BLOCK_CAPTURE_AUTORELEASING = YES;
				CLANG_WARN_BOOL_CONVERSION = YES;
				CLANG_WARN_COMMA = YES;
				CLANG_WARN_CONSTANT_CONVERSION = YES;
				CLANG_WARN_DEPRECATED_OBJC_IMPLEMENTATIONS = YES;
				CLANG_WARN_DIRECT_OBJC_ISA_USAGE = YES_ERROR;
				CLANG_WARN_DOCUMENTATION_COMMENTS = YES;
				CLANG_WARN_EMPTY_BODY = YES;
				CLANG_WARN_ENUM_CONVERSION = YES;
				CLANG_WARN_INFINITE_RECURSION = YES;
				CLANG_WARN_INT_CONVERSION = YES;
				CLANG_WARN_NON_LITERAL_NULL_CONVERSION = YES;
				CLANG_WARN_OBJC_IMPLICIT_RETAIN_SELF = YES;
				CLANG_WARN_OBJC_LITERAL_CONVERSION = YES;
				CLANG_WARN_OBJC_ROOT_CLASS = YES_ERROR;
				CLANG_WARN_QUOTED_INCLUDE_IN_FRAMEWORK_HEADER = YES;
				CLANG_WARN_RANGE_LOOP_ANALYSIS = YES;
				CLANG_WARN_STRICT_PROTOTYPES = YES;
				CLANG_WARN_SUSPICIOUS_MOVE = YES;
				CLANG_WARN_UNGUARDED_AVAILABILITY = YES_AGGRESSIVE;
				CLANG_WARN_UNREACHABLE_CODE = YES;
				CLANG_WARN__DUPLICATE_METHOD_MATCH = YES;
				COPY_PHASE_STRIP = NO;
				DEBUG_INFORMATION_FORMAT = "dwarf-with-dsym";
				ENABLE_NS_ASSERTIONS = NO;
				ENABLE_STRICT_OBJC_MSGSEND = YES;
				ENABLE_USER_SCRIPT_SANDBOXING = YES;
				GCC_C_LANGUAGE_STANDARD = gnu17;
				GCC_NO_COMMON_BLOCKS = YES;
				GCC_WARN_64_TO_32_BIT_CONVERSION = YES;
				GCC_WARN_ABOUT_RETURN_TYPE = YES_ERROR;
				GCC_WARN_UNDECLARED_SELECTOR = YES;
				GCC_WARN_UNINITIALIZED_AUTOS = YES_AGGRESSIVE;
				GCC_WARN_UNUSED_FUNCTION = YES;
				GCC_WARN_UNUSED_VARIABLE = YES;
				IPHONEOS_DEPLOYMENT_TARGET = 17.2;
				LOCALIZATION_PREFERS_STRING_CATALOGS = YES;
				MTL_ENABLE_DEBUG_INFO = NO;
				MTL_FAST_MATH = YES;
				SDKROOT = iphoneos;
				SWIFT_COMPILATION_MODE = wholemodule;
				VALIDATE_PRODUCT = YES;
			};
			name = Release;
		};
		B3C72D2C2B82F71900AAE764 /* Debug */ = {
			isa = XCBuildConfiguration;
			buildSettings = {
				ASSETCATALOG_COMPILER_APPICON_NAME = AppIcon;
				ASSETCATALOG_COMPILER_GLOBAL_ACCENT_COLOR_NAME = AccentColor;
				CODE_SIGN_STYLE = Automatic;
				CURRENT_PROJECT_VERSION = 1;
				DEVELOPMENT_ASSET_PATHS = "\"VRC Companion/Preview Content\"";
				DEVELOPMENT_TEAM = C35NFWV66M;
				ENABLE_PREVIEWS = YES;
				GENERATE_INFOPLIST_FILE = YES;
				INFOPLIST_KEY_UIApplicationSceneManifest_Generation = YES;
				INFOPLIST_KEY_UIApplicationSupportsIndirectInputEvents = YES;
				INFOPLIST_KEY_UILaunchScreen_Generation = YES;
				INFOPLIST_KEY_UISupportedInterfaceOrientations_iPad = "UIInterfaceOrientationPortrait UIInterfaceOrientationPortraitUpsideDown UIInterfaceOrientationLandscapeLeft UIInterfaceOrientationLandscapeRight";
				INFOPLIST_KEY_UISupportedInterfaceOrientations_iPhone = "UIInterfaceOrientationPortrait UIInterfaceOrientationLandscapeLeft UIInterfaceOrientationLandscapeRight";
				LD_RUNPATH_SEARCH_PATHS = (
					"$(inherited)",
					"@executable_path/Frameworks",
				);
				MARKETING_VERSION = 1.0;
				PRODUCT_BUNDLE_IDENTIFIER = "com.densityinfinite.VRC-Companion";
				PRODUCT_NAME = "$(TARGET_NAME)";
				SWIFT_EMIT_LOC_STRINGS = YES;
				SWIFT_VERSION = 5.0;
				TARGETED_DEVICE_FAMILY = "1,2";
			};
			name = Debug;
		};
		B3C72D2D2B82F71900AAE764 /* Release */ = {
			isa = XCBuildConfiguration;
			buildSettings = {
				ASSETCATALOG_COMPILER_APPICON_NAME = AppIcon;
				ASSETCATALOG_COMPILER_GLOBAL_ACCENT_COLOR_NAME = AccentColor;
				CODE_SIGN_STYLE = Automatic;
				CURRENT_PROJECT_VERSION = 1;
				DEVELOPMENT_ASSET_PATHS = "\"VRC Companion/Preview Content\"";
				DEVELOPMENT_TEAM = C35NFWV66M;
				ENABLE_PREVIEWS = YES;
				GENERATE_INFOPLIST_FILE = YES;
				INFOPLIST_KEY_UIApplicationSceneManifest_Generation = YES;
				INFOPLIST_KEY_UIApplicationSupportsIndirectInputEvents = YES;
				INFOPLIST_KEY_UILaunchScreen_Generation = YES;
				INFOPLIST_KEY_UISupportedInterfaceOrientations_iPad = "UIInterfaceOrientationPortrait UIInterfaceOrientationPortraitUpsideDown UIInterfaceOrientationLandscapeLeft UIInterfaceOrientationLandscapeRight";
				INFOPLIST_KEY_UISupportedInterfaceOrientations_iPhone = "UIInterfaceOrientationPortrait UIInterfaceOrientationLandscapeLeft UIInterfaceOrientationLandscapeRight";
				LD_RUNPATH_SEARCH_PATHS = (
					"$(inherited)",
					"@executable_path/Frameworks",
				);
				MARKETING_VERSION = 1.0;
				PRODUCT_BUNDLE_IDENTIFIER = "com.densityinfinite.VRC-Companion";
				PRODUCT_NAME = "$(TARGET_NAME)";
				SWIFT_EMIT_LOC_STRINGS = YES;
				SWIFT_VERSION = 5.0;
				TARGETED_DEVICE_FAMILY = "1,2";
			};
			name = Release;
		};
		B3C72D2F2B82F71900AAE764 /* Debug */ = {
			isa = XCBuildConfiguration;
			buildSettings = {
				ALWAYS_EMBED_SWIFT_STANDARD_LIBRARIES = YES;
				BUNDLE_LOADER = "$(TEST_HOST)";
				CODE_SIGN_STYLE = Automatic;
				CURRENT_PROJECT_VERSION = 1;
				DEVELOPMENT_TEAM = C35NFWV66M;
				GENERATE_INFOPLIST_FILE = YES;
				IPHONEOS_DEPLOYMENT_TARGET = 17.2;
				MARKETING_VERSION = 1.0;
				PRODUCT_BUNDLE_IDENTIFIER = "com.densityinfinite.VRC-CompanionTests";
				PRODUCT_NAME = "$(TARGET_NAME)";
				SWIFT_EMIT_LOC_STRINGS = NO;
				SWIFT_VERSION = 5.0;
				TARGETED_DEVICE_FAMILY = "1,2";
				TEST_HOST = "$(BUILT_PRODUCTS_DIR)/VRC Companion.app/$(BUNDLE_EXECUTABLE_FOLDER_PATH)/VRC Companion";
			};
			name = Debug;
		};
		B3C72D302B82F71900AAE764 /* Release */ = {
			isa = XCBuildConfiguration;
			buildSettings = {
				ALWAYS_EMBED_SWIFT_STANDARD_LIBRARIES = YES;
				BUNDLE_LOADER = "$(TEST_HOST)";
				CODE_SIGN_STYLE = Automatic;
				CURRENT_PROJECT_VERSION = 1;
				DEVELOPMENT_TEAM = C35NFWV66M;
				GENERATE_INFOPLIST_FILE = YES;
				IPHONEOS_DEPLOYMENT_TARGET = 17.2;
				MARKETING_VERSION = 1.0;
				PRODUCT_BUNDLE_IDENTIFIER = "com.densityinfinite.VRC-CompanionTests";
				PRODUCT_NAME = "$(TARGET_NAME)";
				SWIFT_EMIT_LOC_STRINGS = NO;
				SWIFT_VERSION = 5.0;
				TARGETED_DEVICE_FAMILY = "1,2";
				TEST_HOST = "$(BUILT_PRODUCTS_DIR)/VRC Companion.app/$(BUNDLE_EXECUTABLE_FOLDER_PATH)/VRC Companion";
			};
			name = Release;
		};
		B3C72D322B82F71900AAE764 /* Debug */ = {
			isa = XCBuildConfiguration;
			buildSettings = {
				ALWAYS_EMBED_SWIFT_STANDARD_LIBRARIES = YES;
				CODE_SIGN_STYLE = Automatic;
				CURRENT_PROJECT_VERSION = 1;
				DEVELOPMENT_TEAM = C35NFWV66M;
				GENERATE_INFOPLIST_FILE = YES;
				MARKETING_VERSION = 1.0;
				PRODUCT_BUNDLE_IDENTIFIER = "com.densityinfinite.VRC-CompanionUITests";
				PRODUCT_NAME = "$(TARGET_NAME)";
				SWIFT_EMIT_LOC_STRINGS = NO;
				SWIFT_VERSION = 5.0;
				TARGETED_DEVICE_FAMILY = "1,2";
				TEST_TARGET_NAME = "VRC Companion";
			};
			name = Debug;
		};
		B3C72D332B82F71900AAE764 /* Release */ = {
			isa = XCBuildConfiguration;
			buildSettings = {
				ALWAYS_EMBED_SWIFT_STANDARD_LIBRARIES = YES;
				CODE_SIGN_STYLE = Automatic;
				CURRENT_PROJECT_VERSION = 1;
				DEVELOPMENT_TEAM = C35NFWV66M;
				GENERATE_INFOPLIST_FILE = YES;
				MARKETING_VERSION = 1.0;
				PRODUCT_BUNDLE_IDENTIFIER = "com.densityinfinite.VRC-CompanionUITests";
				PRODUCT_NAME = "$(TARGET_NAME)";
				SWIFT_EMIT_LOC_STRINGS = NO;
				SWIFT_VERSION = 5.0;
				TARGETED_DEVICE_FAMILY = "1,2";
				TEST_TARGET_NAME = "VRC Companion";
			};
			name = Release;
		};
/* End XCBuildConfiguration section */

/* Begin XCConfigurationList section */
		B3C72D002B82F71600AAE764 /* Build configuration list for PBXProject "VRC Companion" */ = {
			isa = XCConfigurationList;
			buildConfigurations = (
				B3C72D292B82F71900AAE764 /* Debug */,
				B3C72D2A2B82F71900AAE764 /* Release */,
			);
			defaultConfigurationIsVisible = 0;
			defaultConfigurationName = Release;
		};
		B3C72D2B2B82F71900AAE764 /* Build configuration list for PBXNativeTarget "VRC Companion" */ = {
			isa = XCConfigurationList;
			buildConfigurations = (
				B3C72D2C2B82F71900AAE764 /* Debug */,
				B3C72D2D2B82F71900AAE764 /* Release */,
			);
			defaultConfigurationIsVisible = 0;
			defaultConfigurationName = Release;
		};
		B3C72D2E2B82F71900AAE764 /* Build configuration list for PBXNativeTarget "VRC CompanionTests" */ = {
			isa = XCConfigurationList;
			buildConfigurations = (
				B3C72D2F2B82F71900AAE764 /* Debug */,
				B3C72D302B82F71900AAE764 /* Release */,
			);
			defaultConfigurationIsVisible = 0;
			defaultConfigurationName = Release;
		};
		B3C72D312B82F71900AAE764 /* Build configuration list for PBXNativeTarget "VRC CompanionUITests" */ = {
			isa = XCConfigurationList;
			buildConfigurations = (
				B3C72D322B82F71900AAE764 /* Debug */,
				B3C72D332B82F71900AAE764 /* Release */,
			);
			defaultConfigurationIsVisible = 0;
			defaultConfigurationName = Release;
		};
/* End XCConfigurationList section */
	};
	rootObject = B3C72CFD2B82F71600AAE764 /* Project object */;
}
